
Microsoft Visual Studio Solution File, Format Version 12.00
# Visual Studio 15
VisualStudioVersion = 15.0.28307.168
MinimumVisualStudioVersion = 10.0.40219.1
Project("{FAE04EC0-301F-11D3-BF4B-00C04F79EFBC}") = "Boucles-Exercice-3", "Boucles-Exercice-3\Boucles-Exercice-3.csproj", "{64AE038F-3240-4C4E-B533-248906899052}"
EndProject
Global
	GlobalSection(SolutionConfigurationPlatforms) = preSolution
		Debug|Any CPU = Debug|Any CPU
		Release|Any CPU = Release|Any CPU
	EndGlobalSection
	GlobalSection(ProjectConfigurationPlatforms) = postSolution
		{64AE038F-3240-4C4E-B533-248906899052}.Debug|Any CPU.ActiveCfg = Debug|Any CPU
		{64AE038F-3240-4C4E-B533-248906899052}.Debug|Any CPU.Build.0 = Debug|Any CPU
		{64AE038F-3240-4C4E-B533-248906899052}.Release|Any CPU.ActiveCfg = Release|Any CPU
		{64AE038F-3240-4C4E-B533-248906899052}.Release|Any CPU.Build.0 = Release|Any CPU
	EndGlobalSection
	GlobalSection(SolutionProperties) = preSolution
		HideSolutionNode = FALSE
	EndGlobalSection
	GlobalSection(ExtensibilityGlobals) = postSolution
		SolutionGuid = {05A7E1A9-D7F8-491F-A29F-1E564CDEF629}
	EndGlobalSection
EndGlobal
